[[package]]
name = "rand_core"
version = "0.2.0"
source = "registry+https://github.com/rust-lang/crates.io-index"

[[package]]
name = "skarot"
version = "0.1.0"
dependencies = [
 "rand_core 0.2.0 (registry+https://github.com/rust-lang/crates.io-index)",
]

[metadata]
"checksum rand_core 0.2.0 (registry+https://github.com/rust-lang/crates.io-index)" = "1b7a5f27547c49e5ccf8a586db3f3782fd93cf849780b21853b9d981db203302"
